
Microsoft Visual Studio Solution File, Format Version 12.00
# Visual Studio Version 16
VisualStudioVersion = 16.0.809.3
MinimumVisualStudioVersion = 10.0.40219.1
Project("{FAE04EC0-301F-11D3-BF4B-00C04F79EFBC}") = "Main", "Main\Main.csproj", "{C2F34528-1904-44DE-887B-8F2FF7574835}"
EndProject
Global
	GlobalSection(SolutionConfigurationPlatforms) = preSolution
		Debug|Any CPU = Debug|Any CPU
		Release|Any CPU = Release|Any CPU
	EndGlobalSection
	GlobalSection(ProjectConfigurationPlatforms) = postSolution
		{C2F34528-1904-44DE-887B-8F2FF7574835}.Debug|Any CPU.ActiveCfg = Debug|Any CPU
		{C2F34528-1904-44DE-887B-8F2FF7574835}.Debug|Any CPU.Build.0 = Debug|Any CPU
		{C2F34528-1904-44DE-887B-8F2FF7574835}.Release|Any CPU.ActiveCfg = Release|Any CPU
		{C2F34528-1904-44DE-887B-8F2FF7574835}.Release|Any CPU.Build.0 = Release|Any CPU
	EndGlobalSection
	GlobalSection(SolutionProperties) = preSolution
		HideSolutionNode = FALSE
	EndGlobalSection
	GlobalSection(ExtensibilityGlobals) = postSolution
		SolutionGuid = {A40B22DD-E3FF-4BFE-A488-B086B3715D0C}
	EndGlobalSection
EndGlobal
