
Microsoft Visual Studio Solution File, Format Version 12.00
# Visual Studio Version 16
VisualStudioVersion = 16.0.809.3
MinimumVisualStudioVersion = 10.0.40219.1
Project("{FAE04EC0-301F-11D3-BF4B-00C04F79EFBC}") = "YearCursWork", "YearCursWork\YearCursWork.csproj", "{DABDDD2E-83CE-4907-9D29-0BC566AD640C}"
EndProject
Global
	GlobalSection(SolutionConfigurationPlatforms) = preSolution
		Debug|Any CPU = Debug|Any CPU
		Release|Any CPU = Release|Any CPU
	EndGlobalSection
	GlobalSection(ProjectConfigurationPlatforms) = postSolution
		{DABDDD2E-83CE-4907-9D29-0BC566AD640C}.Debug|Any CPU.ActiveCfg = Debug|Any CPU
		{DABDDD2E-83CE-4907-9D29-0BC566AD640C}.Debug|Any CPU.Build.0 = Debug|Any CPU
		{DABDDD2E-83CE-4907-9D29-0BC566AD640C}.Release|Any CPU.ActiveCfg = Release|Any CPU
		{DABDDD2E-83CE-4907-9D29-0BC566AD640C}.Release|Any CPU.Build.0 = Release|Any CPU
	EndGlobalSection
	GlobalSection(SolutionProperties) = preSolution
		HideSolutionNode = FALSE
	EndGlobalSection
	GlobalSection(ExtensibilityGlobals) = postSolution
		SolutionGuid = {F2C88A14-9429-4CF5-8DF5-1B730D484999}
	EndGlobalSection
EndGlobal
